
Microsoft Visual Studio Solution File, Format Version 12.00
# Visual Studio Version 17
VisualStudioVersion = 17.1.32414.318
MinimumVisualStudioVersion = 10.0.40219.1
Project("{FAE04EC0-301F-11D3-BF4B-00C04F79EFBC}") = "5lab", "5lab\5lab.csproj", "{01B847A2-83D6-46CC-81DD-D67DA22E02C5}"
EndProject
Global
	GlobalSection(SolutionConfigurationPlatforms) = preSolution
		Debug|Any CPU = Debug|Any CPU
		Release|Any CPU = Release|Any CPU
	EndGlobalSection
	GlobalSection(ProjectConfigurationPlatforms) = postSolution
		{01B847A2-83D6-46CC-81DD-D67DA22E02C5}.Debug|Any CPU.ActiveCfg = Debug|Any CPU
		{01B847A2-83D6-46CC-81DD-D67DA22E02C5}.Debug|Any CPU.Build.0 = Debug|Any CPU
		{01B847A2-83D6-46CC-81DD-D67DA22E02C5}.Release|Any CPU.ActiveCfg = Release|Any CPU
		{01B847A2-83D6-46CC-81DD-D67DA22E02C5}.Release|Any CPU.Build.0 = Release|Any CPU
	EndGlobalSection
	GlobalSection(SolutionProperties) = preSolution
		HideSolutionNode = FALSE
	EndGlobalSection
	GlobalSection(ExtensibilityGlobals) = postSolution
		SolutionGuid = {C079E842-41B7-46FC-8642-07B178622F04}
	EndGlobalSection
EndGlobal
