
Microsoft Visual Studio Solution File, Format Version 12.00
# Visual Studio Version 17
VisualStudioVersion = 17.1.32414.318
MinimumVisualStudioVersion = 10.0.40219.1
Project("{FAE04EC0-301F-11D3-BF4B-00C04F79EFBC}") = "7lab", "7lab\7lab.csproj", "{D919A736-1737-4EF1-A5F9-4C6A2F91495D}"
EndProject
Global
	GlobalSection(SolutionConfigurationPlatforms) = preSolution
		Debug|Any CPU = Debug|Any CPU
		Release|Any CPU = Release|Any CPU
	EndGlobalSection
	GlobalSection(ProjectConfigurationPlatforms) = postSolution
		{D919A736-1737-4EF1-A5F9-4C6A2F91495D}.Debug|Any CPU.ActiveCfg = Debug|Any CPU
		{D919A736-1737-4EF1-A5F9-4C6A2F91495D}.Debug|Any CPU.Build.0 = Debug|Any CPU
		{D919A736-1737-4EF1-A5F9-4C6A2F91495D}.Release|Any CPU.ActiveCfg = Release|Any CPU
		{D919A736-1737-4EF1-A5F9-4C6A2F91495D}.Release|Any CPU.Build.0 = Release|Any CPU
	EndGlobalSection
	GlobalSection(SolutionProperties) = preSolution
		HideSolutionNode = FALSE
	EndGlobalSection
	GlobalSection(ExtensibilityGlobals) = postSolution
		SolutionGuid = {476F70EA-0FA2-447B-B3A6-7894D685554E}
	EndGlobalSection
EndGlobal
